// !$*UTF8*$!
{
	archiveVersion = 1;
	classes = {
	};
	objectVersion = 56;
	objects = {

/* Begin PBXBuildFile section */
		8909AF632C87C73D00B3FF43 /* OnboardingsController.swift in Sources */ = {isa = PBXBuildFile; fileRef = 8909AF622C87C73D00B3FF43 /* OnboardingsController.swift */; };
		89F450F52C866B2F00A0F821 /* AppDelegate.swift in Sources */ = {isa = PBXBuildFile; fileRef = 89F450F42C866B2F00A0F821 /* AppDelegate.swift */; };
		89F450F72C866B2F00A0F821 /* SceneDelegate.swift in Sources */ = {isa = PBXBuildFile; fileRef = 89F450F62C866B2F00A0F821 /* SceneDelegate.swift */; };
		89F450F92C866B2F00A0F821 /* ViewController.swift in Sources */ = {isa = PBXBuildFile; fileRef = 89F450F82C866B2F00A0F821 /* ViewController.swift */; };
		89F450FE2C866B3100A0F821 /* Assets.xcassets in Resources */ = {isa = PBXBuildFile; fileRef = 89F450FD2C866B3100A0F821 /* Assets.xcassets */; };
		89F451012C866B3100A0F821 /* Base in Resources */ = {isa = PBXBuildFile; fileRef = 89F451002C866B3100A0F821 /* Base */; };
		89F7CED12C88BE52007406FA /* OnboardItem.swift in Sources */ = {isa = PBXBuildFile; fileRef = 89F7CED02C88BE52007406FA /* OnboardItem.swift */; };
		89F7CED32C88BEFD007406FA /* OnboardView.swift in Sources */ = {isa = PBXBuildFile; fileRef = 89F7CED22C88BEFD007406FA /* OnboardView.swift */; };
		89F7CED52C88BFB9007406FA /* Constraints.swift in Sources */ = {isa = PBXBuildFile; fileRef = 89F7CED42C88BFB9007406FA /* Constraints.swift */; };
		89F7CED72C88C21E007406FA /* UIView.swift in Sources */ = {isa = PBXBuildFile; fileRef = 89F7CED62C88C21E007406FA /* UIView.swift */; };
		89F7CEDD2C88C54B007406FA /* OnboardingController.swift in Sources */ = {isa = PBXBuildFile; fileRef = 89F7CEDC2C88C54B007406FA /* OnboardingController.swift */; };
		89F7CEDF2C88D675007406FA /* UIColor.swift in Sources */ = {isa = PBXBuildFile; fileRef = 89F7CEDE2C88D675007406FA /* UIColor.swift */; };
		89F7CEE12C88E6C6007406FA /* MainController.swift in Sources */ = {isa = PBXBuildFile; fileRef = 89F7CEE02C88E6C6007406FA /* MainController.swift */; };
		89F7CEE32C88F8C5007406FA /* SettingsController.swift in Sources */ = {isa = PBXBuildFile; fileRef = 89F7CEE22C88F8C5007406FA /* SettingsController.swift */; };
/* End PBXBuildFile section */

/* Begin PBXFileReference section */
		8909AF622C87C73D00B3FF43 /* OnboardingsController.swift */ = {isa = PBXFileReference; lastKnownFileType = sourcecode.swift; path = OnboardingsController.swift; sourceTree = "<group>"; };
		89F450F12C866B2F00A0F821 /* songsurprise.app */ = {isa = PBXFileReference; explicitFileType = wrapper.application; includeInIndex = 0; path = songsurprise.app; sourceTree = BUILT_PRODUCTS_DIR; };
		89F450F42C866B2F00A0F821 /* AppDelegate.swift */ = {isa = PBXFileReference; lastKnownFileType = sourcecode.swift; path = AppDelegate.swift; sourceTree = "<group>"; };
		89F450F62C866B2F00A0F821 /* SceneDelegate.swift */ = {isa = PBXFileReference; lastKnownFileType = sourcecode.swift; path = SceneDelegate.swift; sourceTree = "<group>"; };
		89F450F82C866B2F00A0F821 /* ViewController.swift */ = {isa = PBXFileReference; lastKnownFileType = sourcecode.swift; path = ViewController.swift; sourceTree = "<group>"; };
		89F450FD2C866B3100A0F821 /* Assets.xcassets */ = {isa = PBXFileReference; lastKnownFileType = folder.assetcatalog; path = Assets.xcassets; sourceTree = "<group>"; };
		89F451002C866B3100A0F821 /* Base */ = {isa = PBXFileReference; lastKnownFileType = file.storyboard; name = Base; path = Base.lproj/LaunchScreen.storyboard; sourceTree = "<group>"; };
		89F451022C866B3100A0F821 /* Info.plist */ = {isa = PBXFileReference; lastKnownFileType = text.plist.xml; path = Info.plist; sourceTree = "<group>"; };
		89F7CED02C88BE52007406FA /* OnboardItem.swift */ = {isa = PBXFileReference; lastKnownFileType = sourcecode.swift; path = OnboardItem.swift; sourceTree = "<group>"; };
		89F7CED22C88BEFD007406FA /* OnboardView.swift */ = {isa = PBXFileReference; lastKnownFileType = sourcecode.swift; path = OnboardView.swift; sourceTree = "<group>"; };
		89F7CED42C88BFB9007406FA /* Constraints.swift */ = {isa = PBXFileReference; lastKnownFileType = sourcecode.swift; path = Constraints.swift; sourceTree = "<group>"; };
		89F7CED62C88C21E007406FA /* UIView.swift */ = {isa = PBXFileReference; lastKnownFileType = sourcecode.swift; path = UIView.swift; sourceTree = "<group>"; };
		89F7CEDC2C88C54B007406FA /* OnboardingController.swift */ = {isa = PBXFileReference; lastKnownFileType = sourcecode.swift; path = OnboardingController.swift; sourceTree = "<group>"; };
		89F7CEDE2C88D675007406FA /* UIColor.swift */ = {isa = PBXFileReference; lastKnownFileType = sourcecode.swift; path = UIColor.swift; sourceTree = "<group>"; };
		89F7CEE02C88E6C6007406FA /* MainController.swift */ = {isa = PBXFileReference; lastKnownFileType = sourcecode.swift; path = MainController.swift; sourceTree = "<group>"; };
		89F7CEE22C88F8C5007406FA /* SettingsController.swift */ = {isa = PBXFileReference; lastKnownFileType = sourcecode.swift; path = SettingsController.swift; sourceTree = "<group>"; };
/* End PBXFileReference section */

/* Begin PBXFrameworksBuildPhase section */
		89F450EE2C866B2F00A0F821 /* Frameworks */ = {
			isa = PBXFrameworksBuildPhase;
			buildActionMask = 2147483647;
			files = (
			);
			runOnlyForDeploymentPostprocessing = 0;
		};
/* End PBXFrameworksBuildPhase section */

/* Begin PBXGroup section */
		89F450E82C866B2F00A0F821 = {
			isa = PBXGroup;
			children = (
				89F450F32C866B2F00A0F821 /* songsurprise */,
				89F450F22C866B2F00A0F821 /* Products */,
			);
			sourceTree = "<group>";
		};
		89F450F22C866B2F00A0F821 /* Products */ = {
			isa = PBXGroup;
			children = (
				89F450F12C866B2F00A0F821 /* songsurprise.app */,
			);
			name = Products;
			sourceTree = "<group>";
		};
		89F450F32C866B2F00A0F821 /* songsurprise */ = {
			isa = PBXGroup;
			children = (
				89F7CED82C88C389007406FA /* Core */,
				89F451092C866BF900A0F821 /* App */,
				89F451082C866BC600A0F821 /* Resource */,
			);
			path = songsurprise;
			sourceTree = "<group>";
		};
		89F451082C866BC600A0F821 /* Resource */ = {
			isa = PBXGroup;
			children = (
				89F450FD2C866B3100A0F821 /* Assets.xcassets */,
				89F450FF2C866B3100A0F821 /* LaunchScreen.storyboard */,
				89F451022C866B3100A0F821 /* Info.plist */,
			);
			path = Resource;
			sourceTree = "<group>";
		};
		89F451092C866BF900A0F821 /* App */ = {
			isa = PBXGroup;
			children = (
				89F7CEDA2C88C50E007406FA /* Main */,
				89F450F42C866B2F00A0F821 /* AppDelegate.swift */,
				89F450F62C866B2F00A0F821 /* SceneDelegate.swift */,
				89F450F82C866B2F00A0F821 /* ViewController.swift */,
				8909AF622C87C73D00B3FF43 /* OnboardingsController.swift */,
			);
			path = App;
			sourceTree = "<group>";
		};
		89F7CED82C88C389007406FA /* Core */ = {
			isa = PBXGroup;
			children = (
				89F7CED42C88BFB9007406FA /* Constraints.swift */,
				89F7CED62C88C21E007406FA /* UIView.swift */,
				89F7CEDE2C88D675007406FA /* UIColor.swift */,
			);
			path = Core;
			sourceTree = "<group>";
		};
		89F7CEDA2C88C50E007406FA /* Main */ = {
			isa = PBXGroup;
			children = (
				89F7CEDB2C88C517007406FA /* Onboarding */,
				89F7CEE02C88E6C6007406FA /* MainController.swift */,
				89F7CEE22C88F8C5007406FA /* SettingsController.swift */,
			);
			path = Main;
			sourceTree = "<group>";
		};
		89F7CEDB2C88C517007406FA /* Onboarding */ = {
			isa = PBXGroup;
			children = (
				89F7CED02C88BE52007406FA /* OnboardItem.swift */,
				89F7CED22C88BEFD007406FA /* OnboardView.swift */,
				89F7CEDC2C88C54B007406FA /* OnboardingController.swift */,
			);
			path = Onboarding;
			sourceTree = "<group>";
		};
/* End PBXGroup section */

/* Begin PBXNativeTarget section */
		89F450F02C866B2F00A0F821 /* songsurprise */ = {
			isa = PBXNativeTarget;
			buildConfigurationList = 89F451052C866B3100A0F821 /* Build configuration list for PBXNativeTarget "songsurprise" */;
			buildPhases = (
				89F450ED2C866B2F00A0F821 /* Sources */,
				89F450EE2C866B2F00A0F821 /* Frameworks */,
				89F450EF2C866B2F00A0F821 /* Resources */,
			);
			buildRules = (
			);
			dependencies = (
			);
			name = songsurprise;
			productName = songsurprise;
			productReference = 89F450F12C866B2F00A0F821 /* songsurprise.app */;
			productType = "com.apple.product-type.application";
		};
/* End PBXNativeTarget section */

/* Begin PBXProject section */
		89F450E92C866B2F00A0F821 /* Project object */ = {
			isa = PBXProject;
			attributes = {
				BuildIndependentTargetsInParallel = 1;
				LastSwiftUpdateCheck = 1540;
				LastUpgradeCheck = 1540;
				TargetAttributes = {
					89F450F02C866B2F00A0F821 = {
						CreatedOnToolsVersion = 15.4;
					};
				};
			};
			buildConfigurationList = 89F450EC2C866B2F00A0F821 /* Build configuration list for PBXProject "songsurprise" */;
			compatibilityVersion = "Xcode 14.0";
			developmentRegion = en;
			hasScannedForEncodings = 0;
			knownRegions = (
				en,
				Base,
			);
			mainGroup = 89F450E82C866B2F00A0F821;
			productRefGroup = 89F450F22C866B2F00A0F821 /* Products */;
			projectDirPath = "";
			projectRoot = "";
			targets = (
				89F450F02C866B2F00A0F821 /* songsurprise */,
			);
		};
/* End PBXProject section */

/* Begin PBXResourcesBuildPhase section */
		89F450EF2C866B2F00A0F821 /* Resources */ = {
			isa = PBXResourcesBuildPhase;
			buildActionMask = 2147483647;
			files = (
				89F450FE2C866B3100A0F821 /* Assets.xcassets in Resources */,
				89F451012C866B3100A0F821 /* Base in Resources */,
			);
			runOnlyForDeploymentPostprocessing = 0;
		};
/* End PBXResourcesBuildPhase section */

/* Begin PBXSourcesBuildPhase section */
		89F450ED2C866B2F00A0F821 /* Sources */ = {
			isa = PBXSourcesBuildPhase;
			buildActionMask = 2147483647;
			files = (
				89F7CEE32C88F8C5007406FA /* SettingsController.swift in Sources */,
				89F7CED72C88C21E007406FA /* UIView.swift in Sources */,
				8909AF632C87C73D00B3FF43 /* OnboardingsController.swift in Sources */,
				89F7CED52C88BFB9007406FA /* Constraints.swift in Sources */,
				89F450F92C866B2F00A0F821 /* ViewController.swift in Sources */,
				89F450F52C866B2F00A0F821 /* AppDelegate.swift in Sources */,
				89F7CED12C88BE52007406FA /* OnboardItem.swift in Sources */,
				89F7CED32C88BEFD007406FA /* OnboardView.swift in Sources */,
				89F7CEE12C88E6C6007406FA /* MainController.swift in Sources */,
				89F450F72C866B2F00A0F821 /* SceneDelegate.swift in Sources */,
				89F7CEDD2C88C54B007406FA /* OnboardingController.swift in Sources */,
				89F7CEDF2C88D675007406FA /* UIColor.swift in Sources */,
			);
			runOnlyForDeploymentPostprocessing = 0;
		};
/* End PBXSourcesBuildPhase section */

/* Begin PBXVariantGroup section */
		89F450FF2C866B3100A0F821 /* LaunchScreen.storyboard */ = {
			isa = PBXVariantGroup;
			children = (
				89F451002C866B3100A0F821 /* Base */,
			);
			name = LaunchScreen.storyboard;
			sourceTree = "<group>";
		};
/* End PBXVariantGroup section */

/* Begin XCBuildConfiguration section */
		89F451032C866B3100A0F821 /* Debug */ = {
			isa = XCBuildConfiguration;
			buildSettings = {
				ALWAYS_SEARCH_USER_PATHS = NO;
				ASSETCATALOG_COMPILER_GENERATE_SWIFT_ASSET_SYMBOL_EXTENSIONS = YES;
				CLANG_ANALYZER_NONNULL = YES;
				CLANG_ANALYZER_NUMBER_OBJECT_CONVERSION = YES_AGGRESSIVE;
				CLANG_CXX_LANGUAGE_STANDARD = "gnu++20";
				CLANG_ENABLE_MODULES = YES;
				CLANG_ENABLE_OBJC_ARC = YES;
				CLANG_ENABLE_OBJC_WEAK = YES;
				CLANG_WARN_BLOCK_CAPTURE_AUTORELEASING = YES;
				CLANG_WARN_BOOL_CONVERSION = YES;
				CLANG_WARN_COMMA = YES;
				CLANG_WARN_CONSTANT_CONVERSION = YES;
				CLANG_WARN_DEPRECATED_OBJC_IMPLEMENTATIONS = YES;
				CLANG_WARN_DIRECT_OBJC_ISA_USAGE = YES_ERROR;
				CLANG_WARN_DOCUMENTATION_COMMENTS = YES;
				CLANG_WARN_EMPTY_BODY = YES;
				CLANG_WARN_ENUM_CONVERSION = YES;
				CLANG_WARN_INFINITE_RECURSION = YES;
				CLANG_WARN_INT_CONVERSION = YES;
				CLANG_WARN_NON_LITERAL_NULL_CONVERSION = YES;
				CLANG_WARN_OBJC_IMPLICIT_RETAIN_SELF = YES;
				CLANG_WARN_OBJC_LITERAL_CONVERSION = YES;
				CLANG_WARN_OBJC_ROOT_CLASS = YES_ERROR;
				CLANG_WARN_QUOTED_INCLUDE_IN_FRAMEWORK_HEADER = YES;
				CLANG_WARN_RANGE_LOOP_ANALYSIS = YES;
				CLANG_WARN_STRICT_PROTOTYPES = YES;
				CLANG_WARN_SUSPICIOUS_MOVE = YES;
				CLANG_WARN_UNGUARDED_AVAILABILITY = YES_AGGRESSIVE;
				CLANG_WARN_UNREACHABLE_CODE = YES;
				CLANG_WARN__DUPLICATE_METHOD_MATCH = YES;
				COPY_PHASE_STRIP = NO;
				DEBUG_INFORMATION_FORMAT = dwarf;
				ENABLE_STRICT_OBJC_MSGSEND = YES;
				ENABLE_TESTABILITY = YES;
				ENABLE_USER_SCRIPT_SANDBOXING = YES;
				GCC_C_LANGUAGE_STANDARD = gnu17;
				GCC_DYNAMIC_NO_PIC = NO;
				GCC_NO_COMMON_BLOCKS = YES;
				GCC_OPTIMIZATION_LEVEL = 0;
				GCC_PREPROCESSOR_DEFINITIONS = (
					"DEBUG=1",
					"$(inherited)",
				);
				GCC_WARN_64_TO_32_BIT_CONVERSION = YES;
				GCC_WARN_ABOUT_RETURN_TYPE = YES_ERROR;
				GCC_WARN_UNDECLARED_SELECTOR = YES;
				GCC_WARN_UNINITIALIZED_AUTOS = YES_AGGRESSIVE;
				GCC_WARN_UNUSED_FUNCTION = YES;
				GCC_WARN_UNUSED_VARIABLE = YES;
				IPHONEOS_DEPLOYMENT_TARGET = 17.0;
				LOCALIZATION_PREFERS_STRING_CATALOGS = YES;
				MTL_ENABLE_DEBUG_INFO = INCLUDE_SOURCE;
				MTL_FAST_MATH = YES;
				ONLY_ACTIVE_ARCH = YES;
				SDKROOT = iphoneos;
				SWIFT_ACTIVE_COMPILATION_CONDITIONS = "DEBUG $(inherited)";
				SWIFT_OPTIMIZATION_LEVEL = "-Onone";
			};
			name = Debug;
		};
		89F451042C866B3100A0F821 /* Release */ = {
			isa = XCBuildConfiguration;
			buildSettings = {
				ALWAYS_SEARCH_USER_PATHS = NO;
				ASSETCATALOG_COMPILER_GENERATE_SWIFT_ASSET_SYMBOL_EXTENSIONS = YES;
				CLANG_ANALYZER_NONNULL = YES;
				CLANG_ANALYZER_NUMBER_OBJECT_CONVERSION = YES_AGGRESSIVE;
				CLANG_CXX_LANGUAGE_STANDARD = "gnu++20";
				CLANG_ENABLE_MODULES = YES;
				CLANG_ENABLE_OBJC_ARC = YES;
				CLANG_ENABLE_OBJC_WEAK = YES;
				CLANG_WARN_BLOCK_CAPTURE_AUTORELEASING = YES;
				CLANG_WARN_BOOL_CONVERSION = YES;
				CLANG_WARN_COMMA = YES;
				CLANG_WARN_CONSTANT_CONVERSION = YES;
				CLANG_WARN_DEPRECATED_OBJC_IMPLEMENTATIONS = YES;
				CLANG_WARN_DIRECT_OBJC_ISA_USAGE = YES_ERROR;
				CLANG_WARN_DOCUMENTATION_COMMENTS = YES;
				CLANG_WARN_EMPTY_BODY = YES;
				CLANG_WARN_ENUM_CONVERSION = YES;
				CLANG_WARN_INFINITE_RECURSION = YES;
				CLANG_WARN_INT_CONVERSION = YES;
				CLANG_WARN_NON_LITERAL_NULL_CONVERSION = YES;
				CLANG_WARN_OBJC_IMPLICIT_RETAIN_SELF = YES;
				CLANG_WARN_OBJC_LITERAL_CONVERSION = YES;
				CLANG_WARN_OBJC_ROOT_CLASS = YES_ERROR;
				CLANG_WARN_QUOTED_INCLUDE_IN_FRAMEWORK_HEADER = YES;
				CLANG_WARN_RANGE_LOOP_ANALYSIS = YES;
				CLANG_WARN_STRICT_PROTOTYPES = YES;
				CLANG_WARN_SUSPICIOUS_MOVE = YES;
				CLANG_WARN_UNGUARDED_AVAILABILITY = YES_AGGRESSIVE;
				CLANG_WARN_UNREACHABLE_CODE = YES;
				CLANG_WARN__DUPLICATE_METHOD_MATCH = YES;
				COPY_PHASE_STRIP = NO;
				DEBUG_INFORMATION_FORMAT = "dwarf-with-dsym";
				ENABLE_NS_ASSERTIONS = NO;
				ENABLE_STRICT_OBJC_MSGSEND = YES;
				ENABLE_USER_SCRIPT_SANDBOXING = YES;
				GCC_C_LANGUAGE_STANDARD = gnu17;
				GCC_NO_COMMON_BLOCKS = YES;
				GCC_WARN_64_TO_32_BIT_CONVERSION = YES;
				GCC_WARN_ABOUT_RETURN_TYPE = YES_ERROR;
				GCC_WARN_UNDECLARED_SELECTOR = YES;
				GCC_WARN_UNINITIALIZED_AUTOS = YES_AGGRESSIVE;
				GCC_WARN_UNUSED_FUNCTION = YES;
				GCC_WARN_UNUSED_VARIABLE = YES;
				IPHONEOS_DEPLOYMENT_TARGET = 17.0;
				LOCALIZATION_PREFERS_STRING_CATALOGS = YES;
				MTL_ENABLE_DEBUG_INFO = NO;
				MTL_FAST_MATH = YES;
				SDKROOT = iphoneos;
				SWIFT_COMPILATION_MODE = wholemodule;
				VALIDATE_PRODUCT = YES;
			};
			name = Release;
		};
		89F451062C866B3100A0F821 /* Debug */ = {
			isa = XCBuildConfiguration;
			buildSettings = {
				ASSETCATALOG_COMPILER_APPICON_NAME = AppIcon;
				ASSETCATALOG_COMPILER_GLOBAL_ACCENT_COLOR_NAME = AccentColor;
				CODE_SIGN_STYLE = Automatic;
				CURRENT_PROJECT_VERSION = 1;
				GENERATE_INFOPLIST_FILE = YES;
				INFOPLIST_FILE = songsurprise/Resource/Info.plist;
				INFOPLIST_KEY_CFBundleDisplayName = Songsurprise;
				INFOPLIST_KEY_UIApplicationSupportsIndirectInputEvents = YES;
				INFOPLIST_KEY_UILaunchStoryboardName = LaunchScreen;
				INFOPLIST_KEY_UISupportedInterfaceOrientations = UIInterfaceOrientationPortrait;
				INFOPLIST_KEY_UISupportedInterfaceOrientations_iPad = "UIInterfaceOrientationLandscapeLeft UIInterfaceOrientationLandscapeRight UIInterfaceOrientationPortrait";
				IPHONEOS_DEPLOYMENT_TARGET = 17.0;
				LD_RUNPATH_SEARCH_PATHS = (
					"$(inherited)",
					"@executable_path/Frameworks",
				);
				MARKETING_VERSION = 1.0;
				PRODUCT_BUNDLE_IDENTIFIER = airlance.songsurprise;
				PRODUCT_NAME = "$(TARGET_NAME)";
				SUPPORTED_PLATFORMS = "iphoneos iphonesimulator";
				SUPPORTS_MACCATALYST = NO;
				SUPPORTS_MAC_DESIGNED_FOR_IPHONE_IPAD = NO;
				SUPPORTS_XR_DESIGNED_FOR_IPHONE_IPAD = NO;
				SWIFT_EMIT_LOC_STRINGS = YES;
				SWIFT_VERSION = 5.0;
				TARGETED_DEVICE_FAMILY = "1,2";
			};
			name = Debug;
		};
		89F451072C866B3100A0F821 /* Release */ = {
			isa = XCBuildConfiguration;
			buildSettings = {
				ASSETCATALOG_COMPILER_APPICON_NAME = AppIcon;
				ASSETCATALOG_COMPILER_GLOBAL_ACCENT_COLOR_NAME = AccentColor;
				CODE_SIGN_STYLE = Automatic;
				CURRENT_PROJECT_VERSION = 1;
				GENERATE_INFOPLIST_FILE = YES;
				INFOPLIST_FILE = songsurprise/Resource/Info.plist;
				INFOPLIST_KEY_CFBundleDisplayName = Songsurprise;
				INFOPLIST_KEY_UIApplicationSupportsIndirectInputEvents = YES;
				INFOPLIST_KEY_UILaunchStoryboardName = LaunchScreen;
				INFOPLIST_KEY_UISupportedInterfaceOrientations = UIInterfaceOrientationPortrait;
				INFOPLIST_KEY_UISupportedInterfaceOrientations_iPad = "UIInterfaceOrientationLandscapeLeft UIInterfaceOrientationLandscapeRight UIInterfaceOrientationPortrait";
				IPHONEOS_DEPLOYMENT_TARGET = 17.0;
				LD_RUNPATH_SEARCH_PATHS = (
					"$(inherited)",
					"@executable_path/Frameworks",
				);
				MARKETING_VERSION = 1.0;
				PRODUCT_BUNDLE_IDENTIFIER = airlance.songsurprise;
				PRODUCT_NAME = "$(TARGET_NAME)";
				SUPPORTED_PLATFORMS = "iphoneos iphonesimulator";
				SUPPORTS_MACCATALYST = NO;
				SUPPORTS_MAC_DESIGNED_FOR_IPHONE_IPAD = NO;
				SUPPORTS_XR_DESIGNED_FOR_IPHONE_IPAD = NO;
				SWIFT_EMIT_LOC_STRINGS = YES;
				SWIFT_VERSION = 5.0;
				TARGETED_DEVICE_FAMILY = "1,2";
			};
			name = Release;
		};
/* End XCBuildConfiguration section */

/* Begin XCConfigurationList section */
		89F450EC2C866B2F00A0F821 /* Build configuration list for PBXProject "songsurprise" */ = {
			isa = XCConfigurationList;
			buildConfigurations = (
				89F451032C866B3100A0F821 /* Debug */,
				89F451042C866B3100A0F821 /* Release */,
			);
			defaultConfigurationIsVisible = 0;
			defaultConfigurationName = Release;
		};
		89F451052C866B3100A0F821 /* Build configuration list for PBXNativeTarget "songsurprise" */ = {
			isa = XCConfigurationList;
			buildConfigurations = (
				89F451062C866B3100A0F821 /* Debug */,
				89F451072C866B3100A0F821 /* Release */,
			);
			defaultConfigurationIsVisible = 0;
			defaultConfigurationName = Release;
		};
/* End XCConfigurationList section */
	};
	rootObject = 89F450E92C866B2F00A0F821 /* Project object */;
}
