// !$*UTF8*$!
{
	archiveVersion = 1;
	classes = {
	};
	objectVersion = 56;
	objects = {

/* Begin PBXBuildFile section */
		89F450F52C866B2F00A0F821 /* AppDelegate.swift in Sources */ = {isa = PBXBuildFile; fileRef = 89F450F42C866B2F00A0F821 /* AppDelegate.swift */; };
		89F450F72C866B2F00A0F821 /* SceneDelegate.swift in Sources */ = {isa = PBXBuildFile; fileRef = 89F450F62C866B2F00A0F821 /* SceneDelegate.swift */; };
		89F450FE2C866B3100A0F821 /* Assets.xcassets in Resources */ = {isa = PBXBuildFile; fileRef = 89F450FD2C866B3100A0F821 /* Assets.xcassets */; };
		89F451012C866B3100A0F821 /* Base in Resources */ = {isa = PBXBuildFile; fileRef = 89F451002C866B3100A0F821 /* Base */; };
		89F7CED12C88BE52007406FA /* OnboardItem.swift in Sources */ = {isa = PBXBuildFile; fileRef = 89F7CED02C88BE52007406FA /* OnboardItem.swift */; };
		89F7CED32C88BEFD007406FA /* OnboardView.swift in Sources */ = {isa = PBXBuildFile; fileRef = 89F7CED22C88BEFD007406FA /* OnboardView.swift */; };
		89F7CED52C88BFB9007406FA /* Constraints.swift in Sources */ = {isa = PBXBuildFile; fileRef = 89F7CED42C88BFB9007406FA /* Constraints.swift */; };
		89F7CED72C88C21E007406FA /* UIView.swift in Sources */ = {isa = PBXBuildFile; fileRef = 89F7CED62C88C21E007406FA /* UIView.swift */; };
		89F7CEDD2C88C54B007406FA /* OnboardingController.swift in Sources */ = {isa = PBXBuildFile; fileRef = 89F7CEDC2C88C54B007406FA /* OnboardingController.swift */; };
		89F7CEDF2C88D675007406FA /* UIColor.swift in Sources */ = {isa = PBXBuildFile; fileRef = 89F7CEDE2C88D675007406FA /* UIColor.swift */; };
		89F7CEE12C88E6C6007406FA /* MainController.swift in Sources */ = {isa = PBXBuildFile; fileRef = 89F7CEE02C88E6C6007406FA /* MainController.swift */; };
		89F7CEE32C88F8C5007406FA /* SettingsController.swift in Sources */ = {isa = PBXBuildFile; fileRef = 89F7CEE22C88F8C5007406FA /* SettingsController.swift */; };
		89F7CEEB2C890D6A007406FA /* WaveformImageTypes.swift in Sources */ = {isa = PBXBuildFile; fileRef = 89F7CEEA2C890D6A007406FA /* WaveformImageTypes.swift */; };
		89F7CEEE2C890D91007406FA /* WaveformRenderer.swift in Sources */ = {isa = PBXBuildFile; fileRef = 89F7CEED2C890D91007406FA /* WaveformRenderer.swift */; };
		89F7CEF02C890DAA007406FA /* LinearWaveformRenderer.swift in Sources */ = {isa = PBXBuildFile; fileRef = 89F7CEEF2C890DAA007406FA /* LinearWaveformRenderer.swift */; };
		89F7CEF22C890DBC007406FA /* CircularWaveformRenderer.swift in Sources */ = {isa = PBXBuildFile; fileRef = 89F7CEF12C890DBC007406FA /* CircularWaveformRenderer.swift */; };
		89F7CEF42C890DF2007406FA /* TempiFFT.swift in Sources */ = {isa = PBXBuildFile; fileRef = 89F7CEF32C890DF2007406FA /* TempiFFT.swift */; };
		89F7CEF62C890E11007406FA /* WaveformAnalyzer.swift in Sources */ = {isa = PBXBuildFile; fileRef = 89F7CEF52C890E11007406FA /* WaveformAnalyzer.swift */; };
		89F7CEF82C890E24007406FA /* WaveformImageDrawer.swift in Sources */ = {isa = PBXBuildFile; fileRef = 89F7CEF72C890E24007406FA /* WaveformImageDrawer.swift */; };
		89F7CEFA2C890E34007406FA /* WaveformImageDrawer+iOS.swift in Sources */ = {isa = PBXBuildFile; fileRef = 89F7CEF92C890E34007406FA /* WaveformImageDrawer+iOS.swift */; };
		89F7CEFC2C890E4D007406FA /* WaveformImageDrawer+macOS.swift in Sources */ = {isa = PBXBuildFile; fileRef = 89F7CEFB2C890E4D007406FA /* WaveformImageDrawer+macOS.swift */; };
		89F7CEFF2C890E7A007406FA /* WaveformImageView.swift in Sources */ = {isa = PBXBuildFile; fileRef = 89F7CEFE2C890E7A007406FA /* WaveformImageView.swift */; };
		89F7CF012C890E9A007406FA /* WaveformLiveView.swift in Sources */ = {isa = PBXBuildFile; fileRef = 89F7CF002C890E9A007406FA /* WaveformLiveView.swift */; };
		89F7CF232C8B91FC007406FA /* TableViewProvider.swift in Sources */ = {isa = PBXBuildFile; fileRef = 89F7CF222C8B91FC007406FA /* TableViewProvider.swift */; };
		89F7CF252C8B921C007406FA /* TableView.swift in Sources */ = {isa = PBXBuildFile; fileRef = 89F7CF242C8B921C007406FA /* TableView.swift */; };
		89F7CF292C8B927F007406FA /* Supabase in Frameworks */ = {isa = PBXBuildFile; productRef = 89F7CF282C8B927F007406FA /* Supabase */; };
		89F7CF3F2C8C8412007406FA /* Client.swift in Sources */ = {isa = PBXBuildFile; fileRef = 89F7CF3E2C8C8412007406FA /* Client.swift */; };
		89F7CF422C8C8597007406FA /* Track.swift in Sources */ = {isa = PBXBuildFile; fileRef = 89F7CF412C8C8597007406FA /* Track.swift */; };
		89F7CF452C8C8655007406FA /* GenresController.swift in Sources */ = {isa = PBXBuildFile; fileRef = 89F7CF442C8C8655007406FA /* GenresController.swift */; };
		89F7CF482C8C88BD007406FA /* CollectionViewProvider.swift in Sources */ = {isa = PBXBuildFile; fileRef = 89F7CF472C8C88BD007406FA /* CollectionViewProvider.swift */; };
		89F7CF4A2C8C88E1007406FA /* CollectionViewCell.swift in Sources */ = {isa = PBXBuildFile; fileRef = 89F7CF492C8C88E1007406FA /* CollectionViewCell.swift */; };
		89F7CF4C2C8C8900007406FA /* CollectionView.swift in Sources */ = {isa = PBXBuildFile; fileRef = 89F7CF4B2C8C8900007406FA /* CollectionView.swift */; };
		89F7CF4E2C8C8979007406FA /* Genre.swift in Sources */ = {isa = PBXBuildFile; fileRef = 89F7CF4D2C8C8979007406FA /* Genre.swift */; };
		89F7CF502C8C89DB007406FA /* GenreView.swift in Sources */ = {isa = PBXBuildFile; fileRef = 89F7CF4F2C8C89DB007406FA /* GenreView.swift */; };
		89F7CF522C8C920B007406FA /* TracksController.swift in Sources */ = {isa = PBXBuildFile; fileRef = 89F7CF512C8C920B007406FA /* TracksController.swift */; };
		89F7CF542C8C972B007406FA /* TracksItemView.swift in Sources */ = {isa = PBXBuildFile; fileRef = 89F7CF532C8C972B007406FA /* TracksItemView.swift */; };
		89F7CF562C8C9BA4007406FA /* ActualGradientButton.swift in Sources */ = {isa = PBXBuildFile; fileRef = 89F7CF552C8C9BA4007406FA /* ActualGradientButton.swift */; };
		89F7CF5B2C8CA47A007406FA /* OrderView.swift in Sources */ = {isa = PBXBuildFile; fileRef = 89F7CF5A2C8CA47A007406FA /* OrderView.swift */; };
		89F7CF5D2C8CC8B9007406FA /* data.swift in Sources */ = {isa = PBXBuildFile; fileRef = 89F7CF5C2C8CC8B9007406FA /* data.swift */; };
		89F7CF5F2C8CCDA6007406FA /* PlayerController.swift in Sources */ = {isa = PBXBuildFile; fileRef = 89F7CF5E2C8CCDA6007406FA /* PlayerController.swift */; };
/* End PBXBuildFile section */

/* Begin PBXFileReference section */
		89F450F12C866B2F00A0F821 /* songsurprise.app */ = {isa = PBXFileReference; explicitFileType = wrapper.application; includeInIndex = 0; path = songsurprise.app; sourceTree = BUILT_PRODUCTS_DIR; };
		89F450F42C866B2F00A0F821 /* AppDelegate.swift */ = {isa = PBXFileReference; lastKnownFileType = sourcecode.swift; path = AppDelegate.swift; sourceTree = "<group>"; };
		89F450F62C866B2F00A0F821 /* SceneDelegate.swift */ = {isa = PBXFileReference; lastKnownFileType = sourcecode.swift; path = SceneDelegate.swift; sourceTree = "<group>"; };
		89F450FD2C866B3100A0F821 /* Assets.xcassets */ = {isa = PBXFileReference; lastKnownFileType = folder.assetcatalog; path = Assets.xcassets; sourceTree = "<group>"; };
		89F451002C866B3100A0F821 /* Base */ = {isa = PBXFileReference; lastKnownFileType = file.storyboard; name = Base; path = Base.lproj/LaunchScreen.storyboard; sourceTree = "<group>"; };
		89F451022C866B3100A0F821 /* Info.plist */ = {isa = PBXFileReference; lastKnownFileType = text.plist.xml; path = Info.plist; sourceTree = "<group>"; };
		89F7CED02C88BE52007406FA /* OnboardItem.swift */ = {isa = PBXFileReference; lastKnownFileType = sourcecode.swift; path = OnboardItem.swift; sourceTree = "<group>"; };
		89F7CED22C88BEFD007406FA /* OnboardView.swift */ = {isa = PBXFileReference; lastKnownFileType = sourcecode.swift; path = OnboardView.swift; sourceTree = "<group>"; };
		89F7CED42C88BFB9007406FA /* Constraints.swift */ = {isa = PBXFileReference; lastKnownFileType = sourcecode.swift; path = Constraints.swift; sourceTree = "<group>"; };
		89F7CED62C88C21E007406FA /* UIView.swift */ = {isa = PBXFileReference; lastKnownFileType = sourcecode.swift; path = UIView.swift; sourceTree = "<group>"; };
		89F7CEDC2C88C54B007406FA /* OnboardingController.swift */ = {isa = PBXFileReference; lastKnownFileType = sourcecode.swift; path = OnboardingController.swift; sourceTree = "<group>"; };
		89F7CEDE2C88D675007406FA /* UIColor.swift */ = {isa = PBXFileReference; lastKnownFileType = sourcecode.swift; path = UIColor.swift; sourceTree = "<group>"; };
		89F7CEE02C88E6C6007406FA /* MainController.swift */ = {isa = PBXFileReference; lastKnownFileType = sourcecode.swift; path = MainController.swift; sourceTree = "<group>"; };
		89F7CEE22C88F8C5007406FA /* SettingsController.swift */ = {isa = PBXFileReference; lastKnownFileType = sourcecode.swift; path = SettingsController.swift; sourceTree = "<group>"; };
		89F7CEEA2C890D6A007406FA /* WaveformImageTypes.swift */ = {isa = PBXFileReference; lastKnownFileType = sourcecode.swift; path = WaveformImageTypes.swift; sourceTree = "<group>"; };
		89F7CEED2C890D91007406FA /* WaveformRenderer.swift */ = {isa = PBXFileReference; lastKnownFileType = sourcecode.swift; path = WaveformRenderer.swift; sourceTree = "<group>"; };
		89F7CEEF2C890DAA007406FA /* LinearWaveformRenderer.swift */ = {isa = PBXFileReference; lastKnownFileType = sourcecode.swift; path = LinearWaveformRenderer.swift; sourceTree = "<group>"; };
		89F7CEF12C890DBC007406FA /* CircularWaveformRenderer.swift */ = {isa = PBXFileReference; lastKnownFileType = sourcecode.swift; path = CircularWaveformRenderer.swift; sourceTree = "<group>"; };
		89F7CEF32C890DF2007406FA /* TempiFFT.swift */ = {isa = PBXFileReference; lastKnownFileType = sourcecode.swift; path = TempiFFT.swift; sourceTree = "<group>"; };
		89F7CEF52C890E11007406FA /* WaveformAnalyzer.swift */ = {isa = PBXFileReference; lastKnownFileType = sourcecode.swift; path = WaveformAnalyzer.swift; sourceTree = "<group>"; };
		89F7CEF72C890E24007406FA /* WaveformImageDrawer.swift */ = {isa = PBXFileReference; lastKnownFileType = sourcecode.swift; path = WaveformImageDrawer.swift; sourceTree = "<group>"; };
		89F7CEF92C890E34007406FA /* WaveformImageDrawer+iOS.swift */ = {isa = PBXFileReference; lastKnownFileType = sourcecode.swift; path = "WaveformImageDrawer+iOS.swift"; sourceTree = "<group>"; };
		89F7CEFB2C890E4D007406FA /* WaveformImageDrawer+macOS.swift */ = {isa = PBXFileReference; lastKnownFileType = sourcecode.swift; path = "WaveformImageDrawer+macOS.swift"; sourceTree = "<group>"; };
		89F7CEFE2C890E7A007406FA /* WaveformImageView.swift */ = {isa = PBXFileReference; lastKnownFileType = sourcecode.swift; path = WaveformImageView.swift; sourceTree = "<group>"; };
		89F7CF002C890E9A007406FA /* WaveformLiveView.swift */ = {isa = PBXFileReference; lastKnownFileType = sourcecode.swift; path = WaveformLiveView.swift; sourceTree = "<group>"; };
		89F7CF222C8B91FC007406FA /* TableViewProvider.swift */ = {isa = PBXFileReference; lastKnownFileType = sourcecode.swift; path = TableViewProvider.swift; sourceTree = "<group>"; };
		89F7CF242C8B921C007406FA /* TableView.swift */ = {isa = PBXFileReference; lastKnownFileType = sourcecode.swift; path = TableView.swift; sourceTree = "<group>"; };
		89F7CF3E2C8C8412007406FA /* Client.swift */ = {isa = PBXFileReference; lastKnownFileType = sourcecode.swift; path = Client.swift; sourceTree = "<group>"; };
		89F7CF412C8C8597007406FA /* Track.swift */ = {isa = PBXFileReference; lastKnownFileType = sourcecode.swift; path = Track.swift; sourceTree = "<group>"; };
		89F7CF442C8C8655007406FA /* GenresController.swift */ = {isa = PBXFileReference; lastKnownFileType = sourcecode.swift; path = GenresController.swift; sourceTree = "<group>"; };
		89F7CF472C8C88BD007406FA /* CollectionViewProvider.swift */ = {isa = PBXFileReference; lastKnownFileType = sourcecode.swift; path = CollectionViewProvider.swift; sourceTree = "<group>"; };
		89F7CF492C8C88E1007406FA /* CollectionViewCell.swift */ = {isa = PBXFileReference; lastKnownFileType = sourcecode.swift; path = CollectionViewCell.swift; sourceTree = "<group>"; };
		89F7CF4B2C8C8900007406FA /* CollectionView.swift */ = {isa = PBXFileReference; lastKnownFileType = sourcecode.swift; path = CollectionView.swift; sourceTree = "<group>"; };
		89F7CF4D2C8C8979007406FA /* Genre.swift */ = {isa = PBXFileReference; lastKnownFileType = sourcecode.swift; path = Genre.swift; sourceTree = "<group>"; };
		89F7CF4F2C8C89DB007406FA /* GenreView.swift */ = {isa = PBXFileReference; lastKnownFileType = sourcecode.swift; path = GenreView.swift; sourceTree = "<group>"; };
		89F7CF512C8C920B007406FA /* TracksController.swift */ = {isa = PBXFileReference; lastKnownFileType = sourcecode.swift; path = TracksController.swift; sourceTree = "<group>"; };
		89F7CF532C8C972B007406FA /* TracksItemView.swift */ = {isa = PBXFileReference; lastKnownFileType = sourcecode.swift; path = TracksItemView.swift; sourceTree = "<group>"; };
		89F7CF552C8C9BA4007406FA /* ActualGradientButton.swift */ = {isa = PBXFileReference; lastKnownFileType = sourcecode.swift; path = ActualGradientButton.swift; sourceTree = "<group>"; };
		89F7CF5A2C8CA47A007406FA /* OrderView.swift */ = {isa = PBXFileReference; lastKnownFileType = sourcecode.swift; path = OrderView.swift; sourceTree = "<group>"; };
		89F7CF5C2C8CC8B9007406FA /* data.swift */ = {isa = PBXFileReference; lastKnownFileType = sourcecode.swift; path = data.swift; sourceTree = "<group>"; };
		89F7CF5E2C8CCDA6007406FA /* PlayerController.swift */ = {isa = PBXFileReference; lastKnownFileType = sourcecode.swift; path = PlayerController.swift; sourceTree = "<group>"; };
/* End PBXFileReference section */

/* Begin PBXFrameworksBuildPhase section */
		89F450EE2C866B2F00A0F821 /* Frameworks */ = {
			isa = PBXFrameworksBuildPhase;
			buildActionMask = 2147483647;
			files = (
				89F7CF292C8B927F007406FA /* Supabase in Frameworks */,
			);
			runOnlyForDeploymentPostprocessing = 0;
		};
/* End PBXFrameworksBuildPhase section */

/* Begin PBXGroup section */
		89F450E82C866B2F00A0F821 = {
			isa = PBXGroup;
			children = (
				89F450F32C866B2F00A0F821 /* songsurprise */,
				89F450F22C866B2F00A0F821 /* Products */,
				89F7CF272C8B927F007406FA /* Frameworks */,
			);
			sourceTree = "<group>";
		};
		89F450F22C866B2F00A0F821 /* Products */ = {
			isa = PBXGroup;
			children = (
				89F450F12C866B2F00A0F821 /* songsurprise.app */,
			);
			name = Products;
			sourceTree = "<group>";
		};
		89F450F32C866B2F00A0F821 /* songsurprise */ = {
			isa = PBXGroup;
			children = (
				89F7CED82C88C389007406FA /* Core */,
				89F451092C866BF900A0F821 /* App */,
				89F451082C866BC600A0F821 /* Resource */,
			);
			path = songsurprise;
			sourceTree = "<group>";
		};
		89F451082C866BC600A0F821 /* Resource */ = {
			isa = PBXGroup;
			children = (
				89F450FD2C866B3100A0F821 /* Assets.xcassets */,
				89F450FF2C866B3100A0F821 /* LaunchScreen.storyboard */,
				89F451022C866B3100A0F821 /* Info.plist */,
			);
			path = Resource;
			sourceTree = "<group>";
		};
		89F451092C866BF900A0F821 /* App */ = {
			isa = PBXGroup;
			children = (
				89F7CEDA2C88C50E007406FA /* Main */,
				89F450F42C866B2F00A0F821 /* AppDelegate.swift */,
				89F450F62C866B2F00A0F821 /* SceneDelegate.swift */,
				89F7CF5C2C8CC8B9007406FA /* data.swift */,
			);
			path = App;
			sourceTree = "<group>";
		};
		89F7CED82C88C389007406FA /* Core */ = {
			isa = PBXGroup;
			children = (
				89F7CF462C8C88B5007406FA /* CollectionView */,
				89F7CF212C8B91E4007406FA /* TableView */,
				89F7CEE92C890CC2007406FA /* DSWaveformImage */,
				89F7CED42C88BFB9007406FA /* Constraints.swift */,
				89F7CED62C88C21E007406FA /* UIView.swift */,
				89F7CEDE2C88D675007406FA /* UIColor.swift */,
				89F7CF3E2C8C8412007406FA /* Client.swift */,
				89F7CF552C8C9BA4007406FA /* ActualGradientButton.swift */,
			);
			path = Core;
			sourceTree = "<group>";
		};
		89F7CEDA2C88C50E007406FA /* Main */ = {
			isa = PBXGroup;
			children = (
				89F7CF572C8CA44E007406FA /* Order */,
				89F7CF432C8C8635007406FA /* Audio */,
				89F7CEDB2C88C517007406FA /* Onboarding */,
				89F7CEE02C88E6C6007406FA /* MainController.swift */,
				89F7CEE22C88F8C5007406FA /* SettingsController.swift */,
			);
			path = Main;
			sourceTree = "<group>";
		};
		89F7CEDB2C88C517007406FA /* Onboarding */ = {
			isa = PBXGroup;
			children = (
				89F7CED02C88BE52007406FA /* OnboardItem.swift */,
				89F7CED22C88BEFD007406FA /* OnboardView.swift */,
				89F7CEDC2C88C54B007406FA /* OnboardingController.swift */,
			);
			path = Onboarding;
			sourceTree = "<group>";
		};
		89F7CEE92C890CC2007406FA /* DSWaveformImage */ = {
			isa = PBXGroup;
			children = (
				89F7CEFD2C890E6F007406FA /* Views */,
				89F7CEEC2C890D80007406FA /* Renderers */,
				89F7CEEA2C890D6A007406FA /* WaveformImageTypes.swift */,
				89F7CEF32C890DF2007406FA /* TempiFFT.swift */,
				89F7CEF52C890E11007406FA /* WaveformAnalyzer.swift */,
				89F7CEF72C890E24007406FA /* WaveformImageDrawer.swift */,
				89F7CEF92C890E34007406FA /* WaveformImageDrawer+iOS.swift */,
				89F7CEFB2C890E4D007406FA /* WaveformImageDrawer+macOS.swift */,
			);
			path = DSWaveformImage;
			sourceTree = "<group>";
		};
		89F7CEEC2C890D80007406FA /* Renderers */ = {
			isa = PBXGroup;
			children = (
				89F7CEED2C890D91007406FA /* WaveformRenderer.swift */,
				89F7CEEF2C890DAA007406FA /* LinearWaveformRenderer.swift */,
				89F7CEF12C890DBC007406FA /* CircularWaveformRenderer.swift */,
			);
			path = Renderers;
			sourceTree = "<group>";
		};
		89F7CEFD2C890E6F007406FA /* Views */ = {
			isa = PBXGroup;
			children = (
				89F7CEFE2C890E7A007406FA /* WaveformImageView.swift */,
				89F7CF002C890E9A007406FA /* WaveformLiveView.swift */,
			);
			path = Views;
			sourceTree = "<group>";
		};
		89F7CF212C8B91E4007406FA /* TableView */ = {
			isa = PBXGroup;
			children = (
				89F7CF222C8B91FC007406FA /* TableViewProvider.swift */,
				89F7CF242C8B921C007406FA /* TableView.swift */,
			);
			path = TableView;
			sourceTree = "<group>";
		};
		89F7CF272C8B927F007406FA /* Frameworks */ = {
			isa = PBXGroup;
			children = (
			);
			name = Frameworks;
			sourceTree = "<group>";
		};
		89F7CF432C8C8635007406FA /* Audio */ = {
			isa = PBXGroup;
			children = (
				89F7CF412C8C8597007406FA /* Track.swift */,
				89F7CF442C8C8655007406FA /* GenresController.swift */,
				89F7CF4D2C8C8979007406FA /* Genre.swift */,
				89F7CF4F2C8C89DB007406FA /* GenreView.swift */,
				89F7CF512C8C920B007406FA /* TracksController.swift */,
				89F7CF532C8C972B007406FA /* TracksItemView.swift */,
				89F7CF5E2C8CCDA6007406FA /* PlayerController.swift */,
			);
			path = Audio;
			sourceTree = "<group>";
		};
		89F7CF462C8C88B5007406FA /* CollectionView */ = {
			isa = PBXGroup;
			children = (
				89F7CF472C8C88BD007406FA /* CollectionViewProvider.swift */,
				89F7CF492C8C88E1007406FA /* CollectionViewCell.swift */,
				89F7CF4B2C8C8900007406FA /* CollectionView.swift */,
			);
			path = CollectionView;
			sourceTree = "<group>";
		};
		89F7CF572C8CA44E007406FA /* Order */ = {
			isa = PBXGroup;
			children = (
				89F7CF5A2C8CA47A007406FA /* OrderView.swift */,
			);
			path = Order;
			sourceTree = "<group>";
		};
/* End PBXGroup section */

/* Begin PBXNativeTarget section */
		89F450F02C866B2F00A0F821 /* songsurprise */ = {
			isa = PBXNativeTarget;
			buildConfigurationList = 89F451052C866B3100A0F821 /* Build configuration list for PBXNativeTarget "songsurprise" */;
			buildPhases = (
				89F450ED2C866B2F00A0F821 /* Sources */,
				89F450EE2C866B2F00A0F821 /* Frameworks */,
				89F450EF2C866B2F00A0F821 /* Resources */,
			);
			buildRules = (
			);
			dependencies = (
			);
			name = songsurprise;
			packageProductDependencies = (
				89F7CF282C8B927F007406FA /* Supabase */,
			);
			productName = songsurprise;
			productReference = 89F450F12C866B2F00A0F821 /* songsurprise.app */;
			productType = "com.apple.product-type.application";
		};
/* End PBXNativeTarget section */

/* Begin PBXProject section */
		89F450E92C866B2F00A0F821 /* Project object */ = {
			isa = PBXProject;
			attributes = {
				BuildIndependentTargetsInParallel = 1;
				LastSwiftUpdateCheck = 1540;
				LastUpgradeCheck = 1540;
				TargetAttributes = {
					89F450F02C866B2F00A0F821 = {
						CreatedOnToolsVersion = 15.4;
					};
				};
			};
			buildConfigurationList = 89F450EC2C866B2F00A0F821 /* Build configuration list for PBXProject "songsurprise" */;
			compatibilityVersion = "Xcode 14.0";
			developmentRegion = en;
			hasScannedForEncodings = 0;
			knownRegions = (
				en,
				Base,
			);
			mainGroup = 89F450E82C866B2F00A0F821;
			packageReferences = (
				89F7CF262C8B9249007406FA /* XCRemoteSwiftPackageReference "supabase-swift" */,
			);
			productRefGroup = 89F450F22C866B2F00A0F821 /* Products */;
			projectDirPath = "";
			projectRoot = "";
			targets = (
				89F450F02C866B2F00A0F821 /* songsurprise */,
			);
		};
/* End PBXProject section */

/* Begin PBXResourcesBuildPhase section */
		89F450EF2C866B2F00A0F821 /* Resources */ = {
			isa = PBXResourcesBuildPhase;
			buildActionMask = 2147483647;
			files = (
				89F450FE2C866B3100A0F821 /* Assets.xcassets in Resources */,
				89F451012C866B3100A0F821 /* Base in Resources */,
			);
			runOnlyForDeploymentPostprocessing = 0;
		};
/* End PBXResourcesBuildPhase section */

/* Begin PBXSourcesBuildPhase section */
		89F450ED2C866B2F00A0F821 /* Sources */ = {
			isa = PBXSourcesBuildPhase;
			buildActionMask = 2147483647;
			files = (
				89F7CEF02C890DAA007406FA /* LinearWaveformRenderer.swift in Sources */,
				89F7CEF62C890E11007406FA /* WaveformAnalyzer.swift in Sources */,
				89F7CEE32C88F8C5007406FA /* SettingsController.swift in Sources */,
				89F7CEFC2C890E4D007406FA /* WaveformImageDrawer+macOS.swift in Sources */,
				89F7CEF22C890DBC007406FA /* CircularWaveformRenderer.swift in Sources */,
				89F7CED72C88C21E007406FA /* UIView.swift in Sources */,
				89F7CF3F2C8C8412007406FA /* Client.swift in Sources */,
				89F7CF562C8C9BA4007406FA /* ActualGradientButton.swift in Sources */,
				89F7CEF42C890DF2007406FA /* TempiFFT.swift in Sources */,
				89F7CF4A2C8C88E1007406FA /* CollectionViewCell.swift in Sources */,
				89F7CEF82C890E24007406FA /* WaveformImageDrawer.swift in Sources */,
				89F7CED52C88BFB9007406FA /* Constraints.swift in Sources */,
				89F7CF012C890E9A007406FA /* WaveformLiveView.swift in Sources */,
				89F450F52C866B2F00A0F821 /* AppDelegate.swift in Sources */,
				89F7CED12C88BE52007406FA /* OnboardItem.swift in Sources */,
				89F7CF4C2C8C8900007406FA /* CollectionView.swift in Sources */,
				89F7CF252C8B921C007406FA /* TableView.swift in Sources */,
				89F7CEEE2C890D91007406FA /* WaveformRenderer.swift in Sources */,
				89F7CED32C88BEFD007406FA /* OnboardView.swift in Sources */,
				89F7CF5F2C8CCDA6007406FA /* PlayerController.swift in Sources */,
				89F7CEFA2C890E34007406FA /* WaveformImageDrawer+iOS.swift in Sources */,
				89F7CEE12C88E6C6007406FA /* MainController.swift in Sources */,
				89F7CF5B2C8CA47A007406FA /* OrderView.swift in Sources */,
				89F7CF452C8C8655007406FA /* GenresController.swift in Sources */,
				89F7CF482C8C88BD007406FA /* CollectionViewProvider.swift in Sources */,
				89F450F72C866B2F00A0F821 /* SceneDelegate.swift in Sources */,
				89F7CEDD2C88C54B007406FA /* OnboardingController.swift in Sources */,
				89F7CF522C8C920B007406FA /* TracksController.swift in Sources */,
				89F7CEFF2C890E7A007406FA /* WaveformImageView.swift in Sources */,
				89F7CF422C8C8597007406FA /* Track.swift in Sources */,
				89F7CF542C8C972B007406FA /* TracksItemView.swift in Sources */,
				89F7CEEB2C890D6A007406FA /* WaveformImageTypes.swift in Sources */,
				89F7CF5D2C8CC8B9007406FA /* data.swift in Sources */,
				89F7CF502C8C89DB007406FA /* GenreView.swift in Sources */,
				89F7CF232C8B91FC007406FA /* TableViewProvider.swift in Sources */,
				89F7CF4E2C8C8979007406FA /* Genre.swift in Sources */,
				89F7CEDF2C88D675007406FA /* UIColor.swift in Sources */,
			);
			runOnlyForDeploymentPostprocessing = 0;
		};
/* End PBXSourcesBuildPhase section */

/* Begin PBXVariantGroup section */
		89F450FF2C866B3100A0F821 /* LaunchScreen.storyboard */ = {
			isa = PBXVariantGroup;
			children = (
				89F451002C866B3100A0F821 /* Base */,
			);
			name = LaunchScreen.storyboard;
			sourceTree = "<group>";
		};
/* End PBXVariantGroup section */

/* Begin XCBuildConfiguration section */
		89F451032C866B3100A0F821 /* Debug */ = {
			isa = XCBuildConfiguration;
			buildSettings = {
				ALWAYS_SEARCH_USER_PATHS = NO;
				ASSETCATALOG_COMPILER_GENERATE_SWIFT_ASSET_SYMBOL_EXTENSIONS = YES;
				CLANG_ANALYZER_NONNULL = YES;
				CLANG_ANALYZER_NUMBER_OBJECT_CONVERSION = YES_AGGRESSIVE;
				CLANG_CXX_LANGUAGE_STANDARD = "gnu++20";
				CLANG_ENABLE_MODULES = YES;
				CLANG_ENABLE_OBJC_ARC = YES;
				CLANG_ENABLE_OBJC_WEAK = YES;
				CLANG_WARN_BLOCK_CAPTURE_AUTORELEASING = YES;
				CLANG_WARN_BOOL_CONVERSION = YES;
				CLANG_WARN_COMMA = YES;
				CLANG_WARN_CONSTANT_CONVERSION = YES;
				CLANG_WARN_DEPRECATED_OBJC_IMPLEMENTATIONS = YES;
				CLANG_WARN_DIRECT_OBJC_ISA_USAGE = YES_ERROR;
				CLANG_WARN_DOCUMENTATION_COMMENTS = YES;
				CLANG_WARN_EMPTY_BODY = YES;
				CLANG_WARN_ENUM_CONVERSION = YES;
				CLANG_WARN_INFINITE_RECURSION = YES;
				CLANG_WARN_INT_CONVERSION = YES;
				CLANG_WARN_NON_LITERAL_NULL_CONVERSION = YES;
				CLANG_WARN_OBJC_IMPLICIT_RETAIN_SELF = YES;
				CLANG_WARN_OBJC_LITERAL_CONVERSION = YES;
				CLANG_WARN_OBJC_ROOT_CLASS = YES_ERROR;
				CLANG_WARN_QUOTED_INCLUDE_IN_FRAMEWORK_HEADER = YES;
				CLANG_WARN_RANGE_LOOP_ANALYSIS = YES;
				CLANG_WARN_STRICT_PROTOTYPES = YES;
				CLANG_WARN_SUSPICIOUS_MOVE = YES;
				CLANG_WARN_UNGUARDED_AVAILABILITY = YES_AGGRESSIVE;
				CLANG_WARN_UNREACHABLE_CODE = YES;
				CLANG_WARN__DUPLICATE_METHOD_MATCH = YES;
				COPY_PHASE_STRIP = NO;
				DEBUG_INFORMATION_FORMAT = dwarf;
				ENABLE_STRICT_OBJC_MSGSEND = YES;
				ENABLE_TESTABILITY = YES;
				ENABLE_USER_SCRIPT_SANDBOXING = YES;
				GCC_C_LANGUAGE_STANDARD = gnu17;
				GCC_DYNAMIC_NO_PIC = NO;
				GCC_NO_COMMON_BLOCKS = YES;
				GCC_OPTIMIZATION_LEVEL = 0;
				GCC_PREPROCESSOR_DEFINITIONS = (
					"DEBUG=1",
					"$(inherited)",
				);
				GCC_WARN_64_TO_32_BIT_CONVERSION = YES;
				GCC_WARN_ABOUT_RETURN_TYPE = YES_ERROR;
				GCC_WARN_UNDECLARED_SELECTOR = YES;
				GCC_WARN_UNINITIALIZED_AUTOS = YES_AGGRESSIVE;
				GCC_WARN_UNUSED_FUNCTION = YES;
				GCC_WARN_UNUSED_VARIABLE = YES;
				IPHONEOS_DEPLOYMENT_TARGET = 17.0;
				LOCALIZATION_PREFERS_STRING_CATALOGS = YES;
				MTL_ENABLE_DEBUG_INFO = INCLUDE_SOURCE;
				MTL_FAST_MATH = YES;
				ONLY_ACTIVE_ARCH = YES;
				SDKROOT = iphoneos;
				SWIFT_ACTIVE_COMPILATION_CONDITIONS = "DEBUG $(inherited)";
				SWIFT_OPTIMIZATION_LEVEL = "-Onone";
			};
			name = Debug;
		};
		89F451042C866B3100A0F821 /* Release */ = {
			isa = XCBuildConfiguration;
			buildSettings = {
				ALWAYS_SEARCH_USER_PATHS = NO;
				ASSETCATALOG_COMPILER_GENERATE_SWIFT_ASSET_SYMBOL_EXTENSIONS = YES;
				CLANG_ANALYZER_NONNULL = YES;
				CLANG_ANALYZER_NUMBER_OBJECT_CONVERSION = YES_AGGRESSIVE;
				CLANG_CXX_LANGUAGE_STANDARD = "gnu++20";
				CLANG_ENABLE_MODULES = YES;
				CLANG_ENABLE_OBJC_ARC = YES;
				CLANG_ENABLE_OBJC_WEAK = YES;
				CLANG_WARN_BLOCK_CAPTURE_AUTORELEASING = YES;
				CLANG_WARN_BOOL_CONVERSION = YES;
				CLANG_WARN_COMMA = YES;
				CLANG_WARN_CONSTANT_CONVERSION = YES;
				CLANG_WARN_DEPRECATED_OBJC_IMPLEMENTATIONS = YES;
				CLANG_WARN_DIRECT_OBJC_ISA_USAGE = YES_ERROR;
				CLANG_WARN_DOCUMENTATION_COMMENTS = YES;
				CLANG_WARN_EMPTY_BODY = YES;
				CLANG_WARN_ENUM_CONVERSION = YES;
				CLANG_WARN_INFINITE_RECURSION = YES;
				CLANG_WARN_INT_CONVERSION = YES;
				CLANG_WARN_NON_LITERAL_NULL_CONVERSION = YES;
				CLANG_WARN_OBJC_IMPLICIT_RETAIN_SELF = YES;
				CLANG_WARN_OBJC_LITERAL_CONVERSION = YES;
				CLANG_WARN_OBJC_ROOT_CLASS = YES_ERROR;
				CLANG_WARN_QUOTED_INCLUDE_IN_FRAMEWORK_HEADER = YES;
				CLANG_WARN_RANGE_LOOP_ANALYSIS = YES;
				CLANG_WARN_STRICT_PROTOTYPES = YES;
				CLANG_WARN_SUSPICIOUS_MOVE = YES;
				CLANG_WARN_UNGUARDED_AVAILABILITY = YES_AGGRESSIVE;
				CLANG_WARN_UNREACHABLE_CODE = YES;
				CLANG_WARN__DUPLICATE_METHOD_MATCH = YES;
				COPY_PHASE_STRIP = NO;
				DEBUG_INFORMATION_FORMAT = "dwarf-with-dsym";
				ENABLE_NS_ASSERTIONS = NO;
				ENABLE_STRICT_OBJC_MSGSEND = YES;
				ENABLE_USER_SCRIPT_SANDBOXING = YES;
				GCC_C_LANGUAGE_STANDARD = gnu17;
				GCC_NO_COMMON_BLOCKS = YES;
				GCC_WARN_64_TO_32_BIT_CONVERSION = YES;
				GCC_WARN_ABOUT_RETURN_TYPE = YES_ERROR;
				GCC_WARN_UNDECLARED_SELECTOR = YES;
				GCC_WARN_UNINITIALIZED_AUTOS = YES_AGGRESSIVE;
				GCC_WARN_UNUSED_FUNCTION = YES;
				GCC_WARN_UNUSED_VARIABLE = YES;
				IPHONEOS_DEPLOYMENT_TARGET = 17.0;
				LOCALIZATION_PREFERS_STRING_CATALOGS = YES;
				MTL_ENABLE_DEBUG_INFO = NO;
				MTL_FAST_MATH = YES;
				SDKROOT = iphoneos;
				SWIFT_COMPILATION_MODE = wholemodule;
				VALIDATE_PRODUCT = YES;
			};
			name = Release;
		};
		89F451062C866B3100A0F821 /* Debug */ = {
			isa = XCBuildConfiguration;
			buildSettings = {
				ASSETCATALOG_COMPILER_APPICON_NAME = AppIcon;
				ASSETCATALOG_COMPILER_GLOBAL_ACCENT_COLOR_NAME = AccentColor;
				CODE_SIGN_STYLE = Automatic;
				CURRENT_PROJECT_VERSION = 1;
				DEVELOPMENT_TEAM = 6MWUU9A34L;
				GENERATE_INFOPLIST_FILE = YES;
				INFOPLIST_FILE = songsurprise/Resource/Info.plist;
				INFOPLIST_KEY_CFBundleDisplayName = Songsurprise;
				INFOPLIST_KEY_UIApplicationSupportsIndirectInputEvents = YES;
				INFOPLIST_KEY_UILaunchStoryboardName = LaunchScreen;
				INFOPLIST_KEY_UISupportedInterfaceOrientations = UIInterfaceOrientationPortrait;
				INFOPLIST_KEY_UISupportedInterfaceOrientations_iPad = "UIInterfaceOrientationLandscapeLeft UIInterfaceOrientationLandscapeRight UIInterfaceOrientationPortrait";
				IPHONEOS_DEPLOYMENT_TARGET = 17.0;
				LD_RUNPATH_SEARCH_PATHS = (
					"$(inherited)",
					"@executable_path/Frameworks",
				);
				MARKETING_VERSION = 1.0;
				PRODUCT_BUNDLE_IDENTIFIER = airlance.songsurprise;
				PRODUCT_NAME = "$(TARGET_NAME)";
				SUPPORTED_PLATFORMS = "iphoneos iphonesimulator";
				SUPPORTS_MACCATALYST = NO;
				SUPPORTS_MAC_DESIGNED_FOR_IPHONE_IPAD = NO;
				SUPPORTS_XR_DESIGNED_FOR_IPHONE_IPAD = NO;
				SWIFT_EMIT_LOC_STRINGS = YES;
				SWIFT_VERSION = 5.0;
				TARGETED_DEVICE_FAMILY = "1,2";
			};
			name = Debug;
		};
		89F451072C866B3100A0F821 /* Release */ = {
			isa = XCBuildConfiguration;
			buildSettings = {
				ASSETCATALOG_COMPILER_APPICON_NAME = AppIcon;
				ASSETCATALOG_COMPILER_GLOBAL_ACCENT_COLOR_NAME = AccentColor;
				CODE_SIGN_STYLE = Automatic;
				CURRENT_PROJECT_VERSION = 1;
				DEVELOPMENT_TEAM = 6MWUU9A34L;
				GENERATE_INFOPLIST_FILE = YES;
				INFOPLIST_FILE = songsurprise/Resource/Info.plist;
				INFOPLIST_KEY_CFBundleDisplayName = Songsurprise;
				INFOPLIST_KEY_UIApplicationSupportsIndirectInputEvents = YES;
				INFOPLIST_KEY_UILaunchStoryboardName = LaunchScreen;
				INFOPLIST_KEY_UISupportedInterfaceOrientations = UIInterfaceOrientationPortrait;
				INFOPLIST_KEY_UISupportedInterfaceOrientations_iPad = "UIInterfaceOrientationLandscapeLeft UIInterfaceOrientationLandscapeRight UIInterfaceOrientationPortrait";
				IPHONEOS_DEPLOYMENT_TARGET = 17.0;
				LD_RUNPATH_SEARCH_PATHS = (
					"$(inherited)",
					"@executable_path/Frameworks",
				);
				MARKETING_VERSION = 1.0;
				PRODUCT_BUNDLE_IDENTIFIER = airlance.songsurprise;
				PRODUCT_NAME = "$(TARGET_NAME)";
				SUPPORTED_PLATFORMS = "iphoneos iphonesimulator";
				SUPPORTS_MACCATALYST = NO;
				SUPPORTS_MAC_DESIGNED_FOR_IPHONE_IPAD = NO;
				SUPPORTS_XR_DESIGNED_FOR_IPHONE_IPAD = NO;
				SWIFT_EMIT_LOC_STRINGS = YES;
				SWIFT_VERSION = 5.0;
				TARGETED_DEVICE_FAMILY = "1,2";
			};
			name = Release;
		};
/* End XCBuildConfiguration section */

/* Begin XCConfigurationList section */
		89F450EC2C866B2F00A0F821 /* Build configuration list for PBXProject "songsurprise" */ = {
			isa = XCConfigurationList;
			buildConfigurations = (
				89F451032C866B3100A0F821 /* Debug */,
				89F451042C866B3100A0F821 /* Release */,
			);
			defaultConfigurationIsVisible = 0;
			defaultConfigurationName = Release;
		};
		89F451052C866B3100A0F821 /* Build configuration list for PBXNativeTarget "songsurprise" */ = {
			isa = XCConfigurationList;
			buildConfigurations = (
				89F451062C866B3100A0F821 /* Debug */,
				89F451072C866B3100A0F821 /* Release */,
			);
			defaultConfigurationIsVisible = 0;
			defaultConfigurationName = Release;
		};
/* End XCConfigurationList section */

/* Begin XCRemoteSwiftPackageReference section */
		89F7CF262C8B9249007406FA /* XCRemoteSwiftPackageReference "supabase-swift" */ = {
			isa = XCRemoteSwiftPackageReference;
			repositoryURL = "https://github.com/supabase/supabase-swift.git";
			requirement = {
				kind = upToNextMajorVersion;
				minimumVersion = 2.5.1;
			};
		};
/* End XCRemoteSwiftPackageReference section */

/* Begin XCSwiftPackageProductDependency section */
		89F7CF282C8B927F007406FA /* Supabase */ = {
			isa = XCSwiftPackageProductDependency;
			package = 89F7CF262C8B9249007406FA /* XCRemoteSwiftPackageReference "supabase-swift" */;
			productName = Supabase;
		};
/* End XCSwiftPackageProductDependency section */
	};
	rootObject = 89F450E92C866B2F00A0F821 /* Project object */;
}
